PODS:
  - AFNetworking/NSURLSession (3.2.1):
    - AFNetworking/Reachability
    - AFNetworking/Security
    - AFNetworking/Serialization
  - AFNetworking/Reachability (3.2.1)
  - AFNetworking/Security (3.2.1)
  - AFNetworking/Serialization (3.2.1)
  - AFOAuth2Manager (3.0.0):
    - AFNetworking/NSURLSession (~> 3.0)
  - AugmentPlayerSDK (2.1.0):
    - AFOAuth2Manager (~> 3.0.0)
    - AutoCoding (~> 2.2.1)
  - AutoCoding (2.2.3)

DEPENDENCIES:
  - AugmentPlayerSDK (= 2.1.0)

SPEC REPOS:
  https://github.com/cocoapods/specs.git:
    - AFNetworking
    - AFOAuth2Manager
    - AugmentPlayerSDK
    - AutoCoding

SPEC CHECKSUMS:
  AFNetworking: b6f891fdfaed196b46c7a83cf209e09697b94057
  AFOAuth2Manager: 0566da1be64883e339813d411229fdc9a84dab7c
  AugmentPlayerSDK: 45db2746d26b56f391d2d0f3074fa116350ae76c
  AutoCoding: 90ca3cbc0d77a37cfff75167d705b44148c5fc51

PODFILE CHECKSUM: 2273436a387f2a4f4d2b7faef11c03f02513bcb7

COCOAPODS: 1.5.3
