PODS:
  - AFNetworking/NSURLSession (3.2.1):
    - AFNetworking/Reachability
    - AFNetworking/Security
    - AFNetworking/Serialization
  - AFNetworking/Reachability (3.2.1)
  - AFNetworking/Security (3.2.1)
  - AFNetworking/Serialization (3.2.1)
  - AFOAuth2Manager (3.0.0):
    - AFNetworking/NSURLSession (~> 3.0)
  - AugmentPlayerSDK (2.1.2):
    - AFOAuth2Manager (~> 3.0.0)
    - AutoCoding (~> 2.2.1)
  - AutoCoding (2.2.3)

DEPENDENCIES:
  - AugmentPlayerSDK (= 2.1.2)

SPEC REPOS:
  https://github.com/cocoapods/specs.git:
    - AFNetworking
    - AFOAuth2Manager
    - AugmentPlayerSDK
    - AutoCoding

SPEC CHECKSUMS:
  AFNetworking: b6f891fdfaed196b46c7a83cf209e09697b94057
  AFOAuth2Manager: 0566da1be64883e339813d411229fdc9a84dab7c
  AugmentPlayerSDK: e79c3005d6869e568b8748e1bd04041f1745f990
  AutoCoding: 90ca3cbc0d77a37cfff75167d705b44148c5fc51

PODFILE CHECKSUM: 611918588b79b1b1eacd462732be2bc6be00f87c

COCOAPODS: 1.5.3
