PODS:
  - Alamofire (4.8.2)
  - AugmentPlayerSDK (5.0.0):
    - Alamofire (~> 4.8.0)
    - JWTDecode
    - Moya (~> 12.0.1)
  - JWTDecode (2.3.0)
  - Moya (12.0.1):
    - Moya/Core (= 12.0.1)
  - Moya/Core (12.0.1):
    - Alamofire (~> 4.1)
    - Result (~> 4.0)
  - Result (4.1.0)

DEPENDENCIES:
  - AugmentPlayerSDK (~> 5.0.0)

SPEC REPOS:
  https://github.com/Augment/Specs.git:
    - AugmentPlayerSDK
  https://github.com/cocoapods/specs.git:
    - Alamofire
    - JWTDecode
    - Moya
    - Result

SPEC CHECKSUMS:
  Alamofire: ae5c501addb7afdbb13687d7f2f722c78734c2d3
  AugmentPlayerSDK: 48d0958eb8bfab6718f5c84380685d696034846d
  JWTDecode: fb77675c8049c1a7e9433c7cf448c3ce33ee4ac7
  Moya: cf730b3cd9e005401ef37a85143aa141a12fd38f
  Result: bd966fac789cc6c1563440b348ab2598cc24d5c7

PODFILE CHECKSUM: 9a7fbebf11b56383aa55887230c053d36d934bca

COCOAPODS: 1.6.2
