// !$*UTF8*$!
{
	archiveVersion = 1;
	classes = {
	};
	objectVersion = 46;
	objects = {

/* Begin PBXBuildFile section */
		02A578541EB38E18001562F1 /* AugmentReactPlayerView.m in Sources */ = {isa = PBXBuildFile; fileRef = 02A5784E1EB38E18001562F1 /* AugmentReactPlayerView.m */; };
		02A578551EB38E18001562F1 /* ReactAugmentManager.m in Sources */ = {isa = PBXBuildFile; fileRef = 02A578501EB38E18001562F1 /* ReactAugmentManager.m */; };
		02A578561EB38E18001562F1 /* ReactAugmentViewManager.m in Sources */ = {isa = PBXBuildFile; fileRef = 02A578521EB38E18001562F1 /* ReactAugmentViewManager.m */; };
		F4098AC320F3A0620059D4CC /* AugmentReactPlayerTrackingStatusEmitter.m in Sources */ = {isa = PBXBuildFile; fileRef = F4098AC220F3A0620059D4CC /* AugmentReactPlayerTrackingStatusEmitter.m */; };
		F4098AC620F3A0A50059D4CC /* AugmentReactPlayerModelGestureEmitter.m in Sources */ = {isa = PBXBuildFile; fileRef = F4098AC520F3A0A50059D4CC /* AugmentReactPlayerModelGestureEmitter.m */; };
/* End PBXBuildFile section */

/* Begin PBXCopyFilesBuildPhase section */
		02A5783E1EB38DC2001562F1 /* CopyFiles */ = {
			isa = PBXCopyFilesBuildPhase;
			buildActionMask = 2147483647;
			dstPath = "include/$(PRODUCT_NAME)";
			dstSubfolderSpec = 16;
			files = (
			);
			runOnlyForDeploymentPostprocessing = 0;
		};
/* End PBXCopyFilesBuildPhase section */

/* Begin PBXFileReference section */
		02A578401EB38DC2001562F1 /* libReactAugment.a */ = {isa = PBXFileReference; explicitFileType = archive.ar; includeInIndex = 0; path = libReactAugment.a; sourceTree = BUILT_PRODUCTS_DIR; };
		02A5784D1EB38E18001562F1 /* AugmentReactPlayerView.h */ = {isa = PBXFileReference; fileEncoding = 4; lastKnownFileType = sourcecode.c.h; path = AugmentReactPlayerView.h; sourceTree = "<group>"; };
		02A5784E1EB38E18001562F1 /* AugmentReactPlayerView.m */ = {isa = PBXFileReference; fileEncoding = 4; lastKnownFileType = sourcecode.c.objc; path = AugmentReactPlayerView.m; sourceTree = "<group>"; };
		02A5784F1EB38E18001562F1 /* ReactAugmentManager.h */ = {isa = PBXFileReference; fileEncoding = 4; lastKnownFileType = sourcecode.c.h; path = ReactAugmentManager.h; sourceTree = "<group>"; };
		02A578501EB38E18001562F1 /* ReactAugmentManager.m */ = {isa = PBXFileReference; fileEncoding = 4; lastKnownFileType = sourcecode.c.objc; path = ReactAugmentManager.m; sourceTree = "<group>"; };
		02A578511EB38E18001562F1 /* ReactAugmentViewManager.h */ = {isa = PBXFileReference; fileEncoding = 4; lastKnownFileType = sourcecode.c.h; path = ReactAugmentViewManager.h; sourceTree = "<group>"; };
		02A578521EB38E18001562F1 /* ReactAugmentViewManager.m */ = {isa = PBXFileReference; fileEncoding = 4; lastKnownFileType = sourcecode.c.objc; path = ReactAugmentViewManager.m; sourceTree = "<group>"; };
		F4098AC120F3A0610059D4CC /* AugmentReactPlayerTrackingStatusEmitter.h */ = {isa = PBXFileReference; fileEncoding = 4; lastKnownFileType = sourcecode.c.h; path = AugmentReactPlayerTrackingStatusEmitter.h; sourceTree = "<group>"; };
		F4098AC220F3A0620059D4CC /* AugmentReactPlayerTrackingStatusEmitter.m */ = {isa = PBXFileReference; fileEncoding = 4; lastKnownFileType = sourcecode.c.objc; path = AugmentReactPlayerTrackingStatusEmitter.m; sourceTree = "<group>"; };
		F4098AC420F3A0A50059D4CC /* AugmentReactPlayerModelGestureEmitter.h */ = {isa = PBXFileReference; lastKnownFileType = sourcecode.c.h; path = AugmentReactPlayerModelGestureEmitter.h; sourceTree = "<group>"; };
		F4098AC520F3A0A50059D4CC /* AugmentReactPlayerModelGestureEmitter.m */ = {isa = PBXFileReference; lastKnownFileType = sourcecode.c.objc; path = AugmentReactPlayerModelGestureEmitter.m; sourceTree = "<group>"; };
		F4DDF307214139B100FF47D8 /* AFNetworking.framework */ = {isa = PBXFileReference; explicitFileType = wrapper.framework; name = AFNetworking.framework; path = AFNetworking/AFNetworking.framework; sourceTree = BUILT_PRODUCTS_DIR; };
		F4DDF3162141567300FF47D8 /* AugmentReactConstants.h */ = {isa = PBXFileReference; lastKnownFileType = sourcecode.c.h; path = AugmentReactConstants.h; sourceTree = "<group>"; };
/* End PBXFileReference section */

/* Begin PBXFrameworksBuildPhase section */
		02A5783D1EB38DC2001562F1 /* Frameworks */ = {
			isa = PBXFrameworksBuildPhase;
			buildActionMask = 2147483647;
			files = (
			);
			runOnlyForDeploymentPostprocessing = 0;
		};
/* End PBXFrameworksBuildPhase section */

/* Begin PBXGroup section */
		02A578371EB38DC2001562F1 = {
			isa = PBXGroup;
			children = (
				02A578421EB38DC2001562F1 /* ReactAugment */,
				02A578411EB38DC2001562F1 /* Products */,
				F4DDF306214139B100FF47D8 /* Frameworks */,
			);
			sourceTree = "<group>";
		};
		02A578411EB38DC2001562F1 /* Products */ = {
			isa = PBXGroup;
			children = (
				02A578401EB38DC2001562F1 /* libReactAugment.a */,
			);
			name = Products;
			sourceTree = "<group>";
		};
		02A578421EB38DC2001562F1 /* ReactAugment */ = {
			isa = PBXGroup;
			children = (
				02A5784F1EB38E18001562F1 /* ReactAugmentManager.h */,
				02A578501EB38E18001562F1 /* ReactAugmentManager.m */,
				02A578511EB38E18001562F1 /* ReactAugmentViewManager.h */,
				02A578521EB38E18001562F1 /* ReactAugmentViewManager.m */,
				02A5784D1EB38E18001562F1 /* AugmentReactPlayerView.h */,
				02A5784E1EB38E18001562F1 /* AugmentReactPlayerView.m */,
				F4098AC120F3A0610059D4CC /* AugmentReactPlayerTrackingStatusEmitter.h */,
				F4098AC220F3A0620059D4CC /* AugmentReactPlayerTrackingStatusEmitter.m */,
				F4098AC420F3A0A50059D4CC /* AugmentReactPlayerModelGestureEmitter.h */,
				F4098AC520F3A0A50059D4CC /* AugmentReactPlayerModelGestureEmitter.m */,
				F4DDF3162141567300FF47D8 /* AugmentReactConstants.h */,
			);
			path = ReactAugment;
			sourceTree = "<group>";
		};
		F4DDF306214139B100FF47D8 /* Frameworks */ = {
			isa = PBXGroup;
			children = (
				F4DDF307214139B100FF47D8 /* AFNetworking.framework */,
			);
			name = Frameworks;
			sourceTree = "<group>";
		};
/* End PBXGroup section */

/* Begin PBXNativeTarget section */
		02A5783F1EB38DC2001562F1 /* ReactAugment */ = {
			isa = PBXNativeTarget;
			buildConfigurationList = 02A578491EB38DC2001562F1 /* Build configuration list for PBXNativeTarget "ReactAugment" */;
			buildPhases = (
				02A5783C1EB38DC2001562F1 /* Sources */,
				02A5783D1EB38DC2001562F1 /* Frameworks */,
				02A5783E1EB38DC2001562F1 /* CopyFiles */,
			);
			buildRules = (
			);
			dependencies = (
			);
			name = ReactAugment;
			productName = ReactAugment;
			productReference = 02A578401EB38DC2001562F1 /* libReactAugment.a */;
			productType = "com.apple.product-type.library.static";
		};
/* End PBXNativeTarget section */

/* Begin PBXProject section */
		02A578381EB38DC2001562F1 /* Project object */ = {
			isa = PBXProject;
			attributes = {
				LastUpgradeCheck = 0820;
				ORGANIZATIONNAME = Augment;
				TargetAttributes = {
					02A5783F1EB38DC2001562F1 = {
						CreatedOnToolsVersion = 8.2.1;
						DevelopmentTeam = K464NG3UWC;
						ProvisioningStyle = Automatic;
					};
				};
			};
			buildConfigurationList = 02A5783B1EB38DC2001562F1 /* Build configuration list for PBXProject "ReactAugment" */;
			compatibilityVersion = "Xcode 3.2";
			developmentRegion = English;
			hasScannedForEncodings = 0;
			knownRegions = (
				en,
			);
			mainGroup = 02A578371EB38DC2001562F1;
			productRefGroup = 02A578411EB38DC2001562F1 /* Products */;
			projectDirPath = "";
			projectRoot = "";
			targets = (
				02A5783F1EB38DC2001562F1 /* ReactAugment */,
			);
		};
/* End PBXProject section */

/* Begin PBXSourcesBuildPhase section */
		02A5783C1EB38DC2001562F1 /* Sources */ = {
			isa = PBXSourcesBuildPhase;
			buildActionMask = 2147483647;
			files = (
				02A578561EB38E18001562F1 /* ReactAugmentViewManager.m in Sources */,
				F4098AC620F3A0A50059D4CC /* AugmentReactPlayerModelGestureEmitter.m in Sources */,
				02A578541EB38E18001562F1 /* AugmentReactPlayerView.m in Sources */,
				F4098AC320F3A0620059D4CC /* AugmentReactPlayerTrackingStatusEmitter.m in Sources */,
				02A578551EB38E18001562F1 /* ReactAugmentManager.m in Sources */,
			);
			runOnlyForDeploymentPostprocessing = 0;
		};
/* End PBXSourcesBuildPhase section */

/* Begin XCBuildConfiguration section */
		02A578471EB38DC2001562F1 /* Debug */ = {
			isa = XCBuildConfiguration;
			buildSettings = {
				ALWAYS_SEARCH_USER_PATHS = NO;
				CLANG_ANALYZER_NONNULL = YES;
				CLANG_CXX_LANGUAGE_STANDARD = "gnu++0x";
				CLANG_CXX_LIBRARY = "libc++";
				CLANG_ENABLE_MODULES = YES;
				CLANG_ENABLE_OBJC_ARC = YES;
				CLANG_WARN_BOOL_CONVERSION = YES;
				CLANG_WARN_CONSTANT_CONVERSION = YES;
				CLANG_WARN_DIRECT_OBJC_ISA_USAGE = YES_ERROR;
				CLANG_WARN_DOCUMENTATION_COMMENTS = YES;
				CLANG_WARN_EMPTY_BODY = YES;
				CLANG_WARN_ENUM_CONVERSION = YES;
				CLANG_WARN_INFINITE_RECURSION = YES;
				CLANG_WARN_INT_CONVERSION = YES;
				CLANG_WARN_OBJC_ROOT_CLASS = YES_ERROR;
				CLANG_WARN_SUSPICIOUS_MOVE = YES;
				CLANG_WARN_UNREACHABLE_CODE = YES;
				CLANG_WARN__DUPLICATE_METHOD_MATCH = YES;
				"CODE_SIGN_IDENTITY[sdk=iphoneos*]" = "iPhone Developer";
				COPY_PHASE_STRIP = NO;
				DEBUG_INFORMATION_FORMAT = dwarf;
				ENABLE_STRICT_OBJC_MSGSEND = YES;
				ENABLE_TESTABILITY = YES;
				GCC_C_LANGUAGE_STANDARD = gnu99;
				GCC_DYNAMIC_NO_PIC = NO;
				GCC_NO_COMMON_BLOCKS = YES;
				GCC_OPTIMIZATION_LEVEL = 0;
				GCC_PREPROCESSOR_DEFINITIONS = (
					"DEBUG=1",
					"$(inherited)",
				);
				GCC_WARN_64_TO_32_BIT_CONVERSION = YES;
				GCC_WARN_ABOUT_RETURN_TYPE = YES_ERROR;
				GCC_WARN_UNDECLARED_SELECTOR = YES;
				GCC_WARN_UNINITIALIZED_AUTOS = YES_AGGRESSIVE;
				GCC_WARN_UNUSED_FUNCTION = YES;
				GCC_WARN_UNUSED_VARIABLE = YES;
				IPHONEOS_DEPLOYMENT_TARGET = 10.2;
				MTL_ENABLE_DEBUG_INFO = YES;
				ONLY_ACTIVE_ARCH = YES;
				SDKROOT = iphoneos;
			};
			name = Debug;
		};
		02A578481EB38DC2001562F1 /* Release */ = {
			isa = XCBuildConfiguration;
			buildSettings = {
				ALWAYS_SEARCH_USER_PATHS = NO;
				CLANG_ANALYZER_NONNULL = YES;
				CLANG_CXX_LANGUAGE_STANDARD = "gnu++0x";
				CLANG_CXX_LIBRARY = "libc++";
				CLANG_ENABLE_MODULES = YES;
				CLANG_ENABLE_OBJC_ARC = YES;
				CLANG_WARN_BOOL_CONVERSION = YES;
				CLANG_WARN_CONSTANT_CONVERSION = YES;
				CLANG_WARN_DIRECT_OBJC_ISA_USAGE = YES_ERROR;
				CLANG_WARN_DOCUMENTATION_COMMENTS = YES;
				CLANG_WARN_EMPTY_BODY = YES;
				CLANG_WARN_ENUM_CONVERSION = YES;
				CLANG_WARN_INFINITE_RECURSION = YES;
				CLANG_WARN_INT_CONVERSION = YES;
				CLANG_WARN_OBJC_ROOT_CLASS = YES_ERROR;
				CLANG_WARN_SUSPICIOUS_MOVE = YES;
				CLANG_WARN_UNREACHABLE_CODE = YES;
				CLANG_WARN__DUPLICATE_METHOD_MATCH = YES;
				"CODE_SIGN_IDENTITY[sdk=iphoneos*]" = "iPhone Developer";
				COPY_PHASE_STRIP = NO;
				DEBUG_INFORMATION_FORMAT = "dwarf-with-dsym";
				ENABLE_NS_ASSERTIONS = NO;
				ENABLE_STRICT_OBJC_MSGSEND = YES;
				GCC_C_LANGUAGE_STANDARD = gnu99;
				GCC_NO_COMMON_BLOCKS = YES;
				GCC_WARN_64_TO_32_BIT_CONVERSION = YES;
				GCC_WARN_ABOUT_RETURN_TYPE = YES_ERROR;
				GCC_WARN_UNDECLARED_SELECTOR = YES;
				GCC_WARN_UNINITIALIZED_AUTOS = YES_AGGRESSIVE;
				GCC_WARN_UNUSED_FUNCTION = YES;
				GCC_WARN_UNUSED_VARIABLE = YES;
				IPHONEOS_DEPLOYMENT_TARGET = 10.2;
				MTL_ENABLE_DEBUG_INFO = NO;
				SDKROOT = iphoneos;
				VALIDATE_PRODUCT = YES;
			};
			name = Release;
		};
		02A5784A1EB38DC2001562F1 /* Debug */ = {
			isa = XCBuildConfiguration;
			buildSettings = {
				FRAMEWORK_SEARCH_PATHS = "$(SRCROOT)/../../../ios/Pods/**";
				IPHONEOS_DEPLOYMENT_TARGET = 10.0;
				OTHER_LDFLAGS = "-ObjC";
				PRODUCT_NAME = "$(TARGET_NAME)";
				SKIP_INSTALL = YES;
			};
			name = Debug;
		};
		02A5784B1EB38DC2001562F1 /* Release */ = {
			isa = XCBuildConfiguration;
			buildSettings = {
				FRAMEWORK_SEARCH_PATHS = "$(SRCROOT)/../../../ios/Pods/**";
				IPHONEOS_DEPLOYMENT_TARGET = 10.0;
				OTHER_LDFLAGS = "-ObjC";
				PRODUCT_NAME = "$(TARGET_NAME)";
				SKIP_INSTALL = YES;
			};
			name = Release;
		};
/* End XCBuildConfiguration section */

/* Begin XCConfigurationList section */
		02A5783B1EB38DC2001562F1 /* Build configuration list for PBXProject "ReactAugment" */ = {
			isa = XCConfigurationList;
			buildConfigurations = (
				02A578471EB38DC2001562F1 /* Debug */,
				02A578481EB38DC2001562F1 /* Release */,
			);
			defaultConfigurationIsVisible = 0;
			defaultConfigurationName = Release;
		};
		02A578491EB38DC2001562F1 /* Build configuration list for PBXNativeTarget "ReactAugment" */ = {
			isa = XCConfigurationList;
			buildConfigurations = (
				02A5784A1EB38DC2001562F1 /* Debug */,
				02A5784B1EB38DC2001562F1 /* Release */,
			);
			defaultConfigurationIsVisible = 0;
			defaultConfigurationName = Release;
		};
/* End XCConfigurationList section */
	};
	rootObject = 02A578381EB38DC2001562F1 /* Project object */;
}
